
Microsoft Visual Studio Solution File, Format Version 12.00
# Visual Studio Version 16
VisualStudioVersion = 16.0.30114.105
MinimumVisualStudioVersion = 10.0.40219.1
Project("{FAE04EC0-301F-11D3-BF4B-00C04F79EFBC}") = "Sam.Web.FrontEnd.Blazor", "Sam.Web.FrontEnd.Blazor\Sam.Web.FrontEnd.Blazor.csproj", "{3B01FBCC-E707-4595-B0D6-68A2855D895F}"
EndProject
Global
	GlobalSection(SolutionConfigurationPlatforms) = preSolution
		Debug|Any CPU = Debug|Any CPU
		Release|Any CPU = Release|Any CPU
	EndGlobalSection
	GlobalSection(ProjectConfigurationPlatforms) = postSolution
		{3B01FBCC-E707-4595-B0D6-68A2855D895F}.Debug|Any CPU.ActiveCfg = Debug|Any CPU
		{3B01FBCC-E707-4595-B0D6-68A2855D895F}.Debug|Any CPU.Build.0 = Debug|Any CPU
		{3B01FBCC-E707-4595-B0D6-68A2855D895F}.Release|Any CPU.ActiveCfg = Release|Any CPU
		{3B01FBCC-E707-4595-B0D6-68A2855D895F}.Release|Any CPU.Build.0 = Release|Any CPU
	EndGlobalSection
	GlobalSection(SolutionProperties) = preSolution
		HideSolutionNode = FALSE
	EndGlobalSection
	GlobalSection(ExtensibilityGlobals) = postSolution
		SolutionGuid = {CD49ACAB-5B44-4D4B-A77F-DEA3701CD9D0}
	EndGlobalSection
EndGlobal
